
Microsoft Visual Studio Solution File, Format Version 12.00
# Visual Studio Version 17
VisualStudioVersion = 17.7.34202.233
MinimumVisualStudioVersion = 10.0.40219.1
Project("{FAE04EC0-301F-11D3-BF4B-00C04F79EFBC}") = "MAUI.MaintenanceApp", "MAUI.MaintenanceApp.csproj", "{B35AF4BD-E4ED-4E98-810B-2B236811BE09}"
EndProject
Global
	GlobalSection(SolutionConfigurationPlatforms) = preSolution
		Debug|Any CPU = Debug|Any CPU
		Release|Any CPU = Release|Any CPU
	EndGlobalSection
	GlobalSection(ProjectConfigurationPlatforms) = postSolution
		{B35AF4BD-E4ED-4E98-810B-2B236811BE09}.Debug|Any CPU.ActiveCfg = Debug|Any CPU
		{B35AF4BD-E4ED-4E98-810B-2B236811BE09}.Debug|Any CPU.Build.0 = Debug|Any CPU
		{B35AF4BD-E4ED-4E98-810B-2B236811BE09}.Debug|Any CPU.Deploy.0 = Debug|Any CPU
		{B35AF4BD-E4ED-4E98-810B-2B236811BE09}.Release|Any CPU.ActiveCfg = Release|Any CPU
		{B35AF4BD-E4ED-4E98-810B-2B236811BE09}.Release|Any CPU.Build.0 = Release|Any CPU
		{B35AF4BD-E4ED-4E98-810B-2B236811BE09}.Release|Any CPU.Deploy.0 = Release|Any CPU
	EndGlobalSection
	GlobalSection(SolutionProperties) = preSolution
		HideSolutionNode = FALSE
	EndGlobalSection
	GlobalSection(ExtensibilityGlobals) = postSolution
		SolutionGuid = {20D823A2-1C5E-46BB-9101-0F4AB8BB0C68}
	EndGlobalSection
EndGlobal
